
Microsoft Visual Studio Solution File, Format Version 12.00
# Visual Studio Version 17
VisualStudioVersion = 17.5.33530.505
MinimumVisualStudioVersion = 10.0.40219.1
Project("{9A19103F-16F7-4668-BE54-9A1E7A4F7556}") = "EscuelaCore", "EscuelaCore.csproj", "{AB6700E0-9A02-451B-8632-1C3D7A61B46E}"
EndProject
Global
	GlobalSection(SolutionConfigurationPlatforms) = preSolution
		Debug|Any CPU = Debug|Any CPU
		Release|Any CPU = Release|Any CPU
	EndGlobalSection
	GlobalSection(ProjectConfigurationPlatforms) = postSolution
		{AB6700E0-9A02-451B-8632-1C3D7A61B46E}.Debug|Any CPU.ActiveCfg = Debug|Any CPU
		{AB6700E0-9A02-451B-8632-1C3D7A61B46E}.Debug|Any CPU.Build.0 = Debug|Any CPU
		{AB6700E0-9A02-451B-8632-1C3D7A61B46E}.Release|Any CPU.ActiveCfg = Release|Any CPU
		{AB6700E0-9A02-451B-8632-1C3D7A61B46E}.Release|Any CPU.Build.0 = Release|Any CPU
	EndGlobalSection
	GlobalSection(SolutionProperties) = preSolution
		HideSolutionNode = FALSE
	EndGlobalSection
	GlobalSection(ExtensibilityGlobals) = postSolution
		SolutionGuid = {8CA733AE-8370-4A90-9CE5-3D6F9AD942BD}
	EndGlobalSection
EndGlobal
